
Microsoft Visual Studio Solution File, Format Version 12.00
# Visual Studio 2012
Project("{2150E333-8FDC-42A3-9474-1A3956D46DE8}") = "Comportamiento", "Comportamiento", "{0116C03E-D22F-4D05-A302-9F1A4296F297}"
EndProject
Project("{2150E333-8FDC-42A3-9474-1A3956D46DE8}") = "Creacionales", "Creacionales", "{4A873CEC-6593-4D25-B090-672B570485CD}"
EndProject
Project("{2150E333-8FDC-42A3-9474-1A3956D46DE8}") = "Estructurales", "Estructurales", "{D02EA1E3-7D71-439A-A018-65A868A12367}"
EndProject
Project("{FAE04EC0-301F-11D3-BF4B-00C04F79EFBC}") = "Visitor", "Comportamiento\Visitor\Visitor.csproj", "{95547FAB-4954-4E2B-844E-C3BB6B9F64E8}"
EndProject
Project("{FAE04EC0-301F-11D3-BF4B-00C04F79EFBC}") = "TemplateMethod", "Comportamiento\TemplateMethod\TemplateMethod.csproj", "{582CFC3B-CBCA-4B0F-9FB3-3ED41887AAF3}"
EndProject
Project("{FAE04EC0-301F-11D3-BF4B-00C04F79EFBC}") = "Strategy", "Comportamiento\Strategy\Strategy.csproj", "{31E5B2EB-5BE2-4DC9-B4D2-8324F5EFAB68}"
EndProject
Project("{FAE04EC0-301F-11D3-BF4B-00C04F79EFBC}") = "Singleton", "Creacionales\Singleton\Singleton.csproj", "{264C80AB-A322-48DA-A82C-C46527C4D772}"
EndProject
Project("{FAE04EC0-301F-11D3-BF4B-00C04F79EFBC}") = "Prototype", "Creacionales\Prototype\Prototype.csproj", "{BDBBC17B-5917-4141-AA4D-CD185718F695}"
EndProject
Project("{FAE04EC0-301F-11D3-BF4B-00C04F79EFBC}") = "FactoryMethod", "Creacionales\FactoryMethod\FactoryMethod.csproj", "{F4FA7597-02D2-492A-A2B4-58B293FFE23A}"
EndProject
Project("{FAE04EC0-301F-11D3-BF4B-00C04F79EFBC}") = "Proxy", "Estructurales\Proxy\Proxy.csproj", "{0DB66B24-1D11-4FCE-8FC0-99CA21B30E6B}"
EndProject
Project("{FAE04EC0-301F-11D3-BF4B-00C04F79EFBC}") = "Flyweight", "Estructurales\Flyweight\Flyweight.csproj", "{E3A5947B-2D1E-4260-A54D-71F0D6C17544}"
EndProject
Project("{FAE04EC0-301F-11D3-BF4B-00C04F79EFBC}") = "Facade", "Estructurales\Facade\Facade.csproj", "{CADC1C5A-066E-434E-82A8-F0EDEB7FE6BB}"
EndProject
Global
	GlobalSection(SolutionConfigurationPlatforms) = preSolution
		Debug|Any CPU = Debug|Any CPU
		Release|Any CPU = Release|Any CPU
	EndGlobalSection
	GlobalSection(ProjectConfigurationPlatforms) = postSolution
		{95547FAB-4954-4E2B-844E-C3BB6B9F64E8}.Debug|Any CPU.ActiveCfg = Debug|Any CPU
		{95547FAB-4954-4E2B-844E-C3BB6B9F64E8}.Debug|Any CPU.Build.0 = Debug|Any CPU
		{95547FAB-4954-4E2B-844E-C3BB6B9F64E8}.Release|Any CPU.ActiveCfg = Release|Any CPU
		{95547FAB-4954-4E2B-844E-C3BB6B9F64E8}.Release|Any CPU.Build.0 = Release|Any CPU
		{582CFC3B-CBCA-4B0F-9FB3-3ED41887AAF3}.Debug|Any CPU.ActiveCfg = Debug|Any CPU
		{582CFC3B-CBCA-4B0F-9FB3-3ED41887AAF3}.Debug|Any CPU.Build.0 = Debug|Any CPU
		{582CFC3B-CBCA-4B0F-9FB3-3ED41887AAF3}.Release|Any CPU.ActiveCfg = Release|Any CPU
		{582CFC3B-CBCA-4B0F-9FB3-3ED41887AAF3}.Release|Any CPU.Build.0 = Release|Any CPU
		{31E5B2EB-5BE2-4DC9-B4D2-8324F5EFAB68}.Debug|Any CPU.ActiveCfg = Debug|Any CPU
		{31E5B2EB-5BE2-4DC9-B4D2-8324F5EFAB68}.Debug|Any CPU.Build.0 = Debug|Any CPU
		{31E5B2EB-5BE2-4DC9-B4D2-8324F5EFAB68}.Release|Any CPU.ActiveCfg = Release|Any CPU
		{31E5B2EB-5BE2-4DC9-B4D2-8324F5EFAB68}.Release|Any CPU.Build.0 = Release|Any CPU
		{264C80AB-A322-48DA-A82C-C46527C4D772}.Debug|Any CPU.ActiveCfg = Debug|Any CPU
		{264C80AB-A322-48DA-A82C-C46527C4D772}.Debug|Any CPU.Build.0 = Debug|Any CPU
		{264C80AB-A322-48DA-A82C-C46527C4D772}.Release|Any CPU.ActiveCfg = Release|Any CPU
		{264C80AB-A322-48DA-A82C-C46527C4D772}.Release|Any CPU.Build.0 = Release|Any CPU
		{BDBBC17B-5917-4141-AA4D-CD185718F695}.Debug|Any CPU.ActiveCfg = Debug|Any CPU
		{BDBBC17B-5917-4141-AA4D-CD185718F695}.Debug|Any CPU.Build.0 = Debug|Any CPU
		{BDBBC17B-5917-4141-AA4D-CD185718F695}.Release|Any CPU.ActiveCfg = Release|Any CPU
		{BDBBC17B-5917-4141-AA4D-CD185718F695}.Release|Any CPU.Build.0 = Release|Any CPU
		{F4FA7597-02D2-492A-A2B4-58B293FFE23A}.Debug|Any CPU.ActiveCfg = Debug|Any CPU
		{F4FA7597-02D2-492A-A2B4-58B293FFE23A}.Debug|Any CPU.Build.0 = Debug|Any CPU
		{F4FA7597-02D2-492A-A2B4-58B293FFE23A}.Release|Any CPU.ActiveCfg = Release|Any CPU
		{F4FA7597-02D2-492A-A2B4-58B293FFE23A}.Release|Any CPU.Build.0 = Release|Any CPU
		{0DB66B24-1D11-4FCE-8FC0-99CA21B30E6B}.Debug|Any CPU.ActiveCfg = Debug|Any CPU
		{0DB66B24-1D11-4FCE-8FC0-99CA21B30E6B}.Debug|Any CPU.Build.0 = Debug|Any CPU
		{0DB66B24-1D11-4FCE-8FC0-99CA21B30E6B}.Release|Any CPU.ActiveCfg = Release|Any CPU
		{0DB66B24-1D11-4FCE-8FC0-99CA21B30E6B}.Release|Any CPU.Build.0 = Release|Any CPU
		{E3A5947B-2D1E-4260-A54D-71F0D6C17544}.Debug|Any CPU.ActiveCfg = Debug|Any CPU
		{E3A5947B-2D1E-4260-A54D-71F0D6C17544}.Debug|Any CPU.Build.0 = Debug|Any CPU
		{E3A5947B-2D1E-4260-A54D-71F0D6C17544}.Release|Any CPU.ActiveCfg = Release|Any CPU
		{E3A5947B-2D1E-4260-A54D-71F0D6C17544}.Release|Any CPU.Build.0 = Release|Any CPU
		{CADC1C5A-066E-434E-82A8-F0EDEB7FE6BB}.Debug|Any CPU.ActiveCfg = Debug|Any CPU
		{CADC1C5A-066E-434E-82A8-F0EDEB7FE6BB}.Debug|Any CPU.Build.0 = Debug|Any CPU
		{CADC1C5A-066E-434E-82A8-F0EDEB7FE6BB}.Release|Any CPU.ActiveCfg = Release|Any CPU
		{CADC1C5A-066E-434E-82A8-F0EDEB7FE6BB}.Release|Any CPU.Build.0 = Release|Any CPU
	EndGlobalSection
	GlobalSection(SolutionProperties) = preSolution
		HideSolutionNode = FALSE
	EndGlobalSection
	GlobalSection(NestedProjects) = preSolution
		{95547FAB-4954-4E2B-844E-C3BB6B9F64E8} = {0116C03E-D22F-4D05-A302-9F1A4296F297}
		{582CFC3B-CBCA-4B0F-9FB3-3ED41887AAF3} = {0116C03E-D22F-4D05-A302-9F1A4296F297}
		{31E5B2EB-5BE2-4DC9-B4D2-8324F5EFAB68} = {0116C03E-D22F-4D05-A302-9F1A4296F297}
		{264C80AB-A322-48DA-A82C-C46527C4D772} = {4A873CEC-6593-4D25-B090-672B570485CD}
		{BDBBC17B-5917-4141-AA4D-CD185718F695} = {4A873CEC-6593-4D25-B090-672B570485CD}
		{F4FA7597-02D2-492A-A2B4-58B293FFE23A} = {4A873CEC-6593-4D25-B090-672B570485CD}
		{0DB66B24-1D11-4FCE-8FC0-99CA21B30E6B} = {D02EA1E3-7D71-439A-A018-65A868A12367}
		{E3A5947B-2D1E-4260-A54D-71F0D6C17544} = {D02EA1E3-7D71-439A-A018-65A868A12367}
		{CADC1C5A-066E-434E-82A8-F0EDEB7FE6BB} = {D02EA1E3-7D71-439A-A018-65A868A12367}
	EndGlobalSection
EndGlobal
